
Microsoft Visual Studio Solution File, Format Version 12.00
# Visual Studio 14
VisualStudioVersion = 14.0.25420.1
MinimumVisualStudioVersion = 10.0.40219.1
Project("{FAE04EC0-301F-11D3-BF4B-00C04F79EFBC}") = "WebAccount2", "WebAccount2\WebAccount2.csproj", "{698D2DEB-1416-4E9C-83F7-E660FFA72DF3}"
EndProject
Global
	GlobalSection(SolutionConfigurationPlatforms) = preSolution
		Debug|Any CPU = Debug|Any CPU
		Release|Any CPU = Release|Any CPU
	EndGlobalSection
	GlobalSection(ProjectConfigurationPlatforms) = postSolution
		{698D2DEB-1416-4E9C-83F7-E660FFA72DF3}.Debug|Any CPU.ActiveCfg = Debug|Any CPU
		{698D2DEB-1416-4E9C-83F7-E660FFA72DF3}.Debug|Any CPU.Build.0 = Debug|Any CPU
		{698D2DEB-1416-4E9C-83F7-E660FFA72DF3}.Release|Any CPU.ActiveCfg = Release|Any CPU
		{698D2DEB-1416-4E9C-83F7-E660FFA72DF3}.Release|Any CPU.Build.0 = Release|Any CPU
	EndGlobalSection
	GlobalSection(SolutionProperties) = preSolution
		HideSolutionNode = FALSE
	EndGlobalSection
EndGlobal
